# This file is automatically @generated by Cargo.
# It is not intended for manual editing.
version = 4

[[package]]
name = "meshwork-demo-notes-cli"
version = "0.1.0"
dependencies = [
 "meshwork-demo-notes-sync",
]

[[package]]
name = "meshwork-demo-notes-sync"
version = "0.2.0"
source = "git+https://github.com/jbrjake/meshwork-demo-notes-sync?tag=v0.2.0#8a67f02c7da3fc0d89853a69a2ec3547547267b7"
